
Microsoft Visual Studio Solution File, Format Version 12.00
# Visual Studio Version 16
VisualStudioVersion = 16.0.32510.428
MinimumVisualStudioVersion = 10.0.40219.1
Project("{FAE04EC0-301F-11D3-BF4B-00C04F79EFBC}") = "WpfApp2", "WpfApp2\WpfApp2.csproj", "{63597981-7237-4571-83A5-5CA01DD46415}"
EndProject
Global
	GlobalSection(SolutionConfigurationPlatforms) = preSolution
		Debug|Any CPU = Debug|Any CPU
		Release|Any CPU = Release|Any CPU
	EndGlobalSection
	GlobalSection(ProjectConfigurationPlatforms) = postSolution
		{63597981-7237-4571-83A5-5CA01DD46415}.Debug|Any CPU.ActiveCfg = Debug|Any CPU
		{63597981-7237-4571-83A5-5CA01DD46415}.Debug|Any CPU.Build.0 = Debug|Any CPU
		{63597981-7237-4571-83A5-5CA01DD46415}.Release|Any CPU.ActiveCfg = Release|Any CPU
		{63597981-7237-4571-83A5-5CA01DD46415}.Release|Any CPU.Build.0 = Release|Any CPU
	EndGlobalSection
	GlobalSection(SolutionProperties) = preSolution
		HideSolutionNode = FALSE
	EndGlobalSection
	GlobalSection(ExtensibilityGlobals) = postSolution
		SolutionGuid = {456C550E-9E2E-4A87-B55A-C3FD4F29791E}
	EndGlobalSection
EndGlobal
